{
  "object": {
    "pins": [
      {
        "package": "SwiftPatterns",
        "repositoryURL": "https://github.com/benspratling4/SwiftPatterns.git",
        "state": {
          "branch": null,
          "revision": "155254395aabf2d3b0fdc0aa54a7ccb4725ebc49",
          "version": "4.0.0"
        }
      }
    ]
  },
  "version": 1
}
