// !$*UTF8*$!
{
	archiveVersion = 1;
	classes = {
	};
	objectVersion = 46;
	objects = {

/* Begin PBXBuildFile section */
		B5B29E7F1DAC7EDA00DBF77B /* I Surrender All.mxl in Resources */ = {isa = PBXBuildFile; fileRef = B5B29E7C1DAC7EC500DBF77B /* I Surrender All.mxl */; };
		B5B29E801DAC7EDA00DBF77B /* Package.swift.zip in Resources */ = {isa = PBXBuildFile; fileRef = B5B29E7D1DAC7EC500DBF77B /* Package.swift.zip */; };
		B5B29E821DACA20B00DBF77B /* TarFileFormat.swift in Sources */ = {isa = PBXBuildFile; fileRef = B5B29E811DACA20B00DBF77B /* TarFileFormat.swift */; };
		B5B29E851DACB4B100DBF77B /* FileHandle+Compression.swift in Sources */ = {isa = PBXBuildFile; fileRef = B5B29E831DACB44100DBF77B /* FileHandle+Compression.swift */; };
		_LinkFileRef_SwiftFoundationCompression_via_SwiftFoundationCompressionTests /* SwiftFoundationCompression.framework in Frameworks */ = {isa = PBXBuildFile; fileRef = "_____Product_SwiftFoundationCompression" /* SwiftFoundationCompression.framework */; };
		_LinkFileRef_SwiftPatterns_via_SwiftFoundationCompression /* SwiftPatterns.framework in Frameworks */ = {isa = PBXBuildFile; fileRef = "_____Product_SwiftPatterns" /* SwiftPatterns.framework */; };
		_LinkFileRef_SwiftPatterns_via_SwiftFoundationCompressionTests /* SwiftPatterns.framework in Frameworks */ = {isa = PBXBuildFile; fileRef = "_____Product_SwiftPatterns" /* SwiftPatterns.framework */; };
		"__src_cc_ref_Packages/SwiftPatterns-1.0.1/Sources/Alert.swift" /* Alert.swift in Sources */ = {isa = PBXBuildFile; fileRef = "__PBXFileRef_Packages/SwiftPatterns-1.0.1/Sources/Alert.swift" /* Alert.swift */; };
		"__src_cc_ref_Packages/SwiftPatterns-1.0.1/Sources/ChangeSet.swift" /* ChangeSet.swift in Sources */ = {isa = PBXBuildFile; fileRef = "__PBXFileRef_Packages/SwiftPatterns-1.0.1/Sources/ChangeSet.swift" /* ChangeSet.swift */; };
		"__src_cc_ref_Packages/SwiftPatterns-1.0.1/Sources/DataExtraction.swift" /* DataExtraction.swift in Sources */ = {isa = PBXBuildFile; fileRef = "__PBXFileRef_Packages/SwiftPatterns-1.0.1/Sources/DataExtraction.swift" /* DataExtraction.swift */; };
		"__src_cc_ref_Packages/SwiftPatterns-1.0.1/Sources/DirectoryMonitor.swift" /* DirectoryMonitor.swift in Sources */ = {isa = PBXBuildFile; fileRef = "__PBXFileRef_Packages/SwiftPatterns-1.0.1/Sources/DirectoryMonitor.swift" /* DirectoryMonitor.swift */; };
		"__src_cc_ref_Packages/SwiftPatterns-1.0.1/Sources/Math.swift" /* Math.swift in Sources */ = {isa = PBXBuildFile; fileRef = "__PBXFileRef_Packages/SwiftPatterns-1.0.1/Sources/Math.swift" /* Math.swift */; };
		"__src_cc_ref_Packages/SwiftPatterns-1.0.1/Sources/MediatedAccess.swift" /* MediatedAccess.swift in Sources */ = {isa = PBXBuildFile; fileRef = "__PBXFileRef_Packages/SwiftPatterns-1.0.1/Sources/MediatedAccess.swift" /* MediatedAccess.swift */; };
		"__src_cc_ref_Packages/SwiftPatterns-1.0.1/Sources/NonNilArrayFilter.swift" /* NonNilArrayFilter.swift in Sources */ = {isa = PBXBuildFile; fileRef = "__PBXFileRef_Packages/SwiftPatterns-1.0.1/Sources/NonNilArrayFilter.swift" /* NonNilArrayFilter.swift */; };
		"__src_cc_ref_Packages/SwiftPatterns-1.0.1/Sources/QueuedVar.swift" /* QueuedVar.swift in Sources */ = {isa = PBXBuildFile; fileRef = "__PBXFileRef_Packages/SwiftPatterns-1.0.1/Sources/QueuedVar.swift" /* QueuedVar.swift */; };
		"__src_cc_ref_Packages/SwiftPatterns-1.0.1/Sources/SerializedResourceWrapping.swift" /* SerializedResourceWrapping.swift in Sources */ = {isa = PBXBuildFile; fileRef = "__PBXFileRef_Packages/SwiftPatterns-1.0.1/Sources/SerializedResourceWrapping.swift" /* SerializedResourceWrapping.swift */; };
		"__src_cc_ref_Packages/SwiftPatterns-1.0.1/Sources/URL+ExtendedAttributes.swift" /* URL+ExtendedAttributes.swift in Sources */ = {isa = PBXBuildFile; fileRef = "__PBXFileRef_Packages/SwiftPatterns-1.0.1/Sources/URL+ExtendedAttributes.swift" /* URL+ExtendedAttributes.swift */; };
		"__src_cc_ref_Sources/Data+Compression.swift" /* Data+Compression.swift in Sources */ = {isa = PBXBuildFile; fileRef = "__PBXFileRef_Sources/Data+Compression.swift" /* Data+Compression.swift */; };
		__src_cc_ref_Sources/Errors.swift /* Types.swift in Sources */ = {isa = PBXBuildFile; fileRef = __PBXFileRef_Sources/Errors.swift /* Types.swift */; };
		"__src_cc_ref_Sources/FileManager+Compression.swift" /* FileManager+Compression.swift in Sources */ = {isa = PBXBuildFile; fileRef = "__PBXFileRef_Sources/FileManager+Compression.swift" /* FileManager+Compression.swift */; };
		__src_cc_ref_Sources/ZipDirectoryWrapping.swift /* ZipDirectoryWrapping.swift in Sources */ = {isa = PBXBuildFile; fileRef = __PBXFileRef_Sources/ZipDirectoryWrapping.swift /* ZipDirectoryWrapping.swift */; };
		__src_cc_ref_Sources/ZipFileFormat.swift /* ZipFileFormat.swift in Sources */ = {isa = PBXBuildFile; fileRef = __PBXFileRef_Sources/ZipFileFormat.swift /* ZipFileFormat.swift */; };
		__src_cc_ref_Tests/SwiftFoundationCompressionTests/Compression.swift /* DeflateTests.swift in Sources */ = {isa = PBXBuildFile; fileRef = __PBXFileRef_Tests/SwiftFoundationCompressionTests/Compression.swift /* DeflateTests.swift */; };
		__src_cc_ref_Tests/SwiftFoundationCompressionTests/ZipDirectoryWrappingTests.swift /* ZipDirectoryWrappingTests.swift in Sources */ = {isa = PBXBuildFile; fileRef = __PBXFileRef_Tests/SwiftFoundationCompressionTests/ZipDirectoryWrappingTests.swift /* ZipDirectoryWrappingTests.swift */; };
		__src_cc_ref_Tests/SwiftFoundationCompressionTests/ZipFileFormatTests.swift /* ZipFileFormatTests.swift in Sources */ = {isa = PBXBuildFile; fileRef = __PBXFileRef_Tests/SwiftFoundationCompressionTests/ZipFileFormatTests.swift /* ZipFileFormatTests.swift */; };
/* End PBXBuildFile section */

/* Begin PBXContainerItemProxy section */
		B5B29E7A1DAC7CF700DBF77B /* PBXContainerItemProxy */ = {
			isa = PBXContainerItemProxy;
			containerPortal = __RootObject_ /* Project object */;
			proxyType = 1;
			remoteGlobalIDString = "______Target_SwiftPatterns";
			remoteInfo = SwiftPatterns;
		};
		B5B29E7B1DAC7CF700DBF77B /* PBXContainerItemProxy */ = {
			isa = PBXContainerItemProxy;
			containerPortal = __RootObject_ /* Project object */;
			proxyType = 1;
			remoteGlobalIDString = "______Target_SwiftFoundationCompression";
			remoteInfo = SwiftFoundationCompression;
		};
/* End PBXContainerItemProxy section */

/* Begin PBXFileReference section */
		B5B29E7C1DAC7EC500DBF77B /* I Surrender All.mxl */ = {isa = PBXFileReference; lastKnownFileType = file; path = "I Surrender All.mxl"; sourceTree = "<group>"; };
		B5B29E7D1DAC7EC500DBF77B /* Package.swift.zip */ = {isa = PBXFileReference; lastKnownFileType = archive.zip; path = Package.swift.zip; sourceTree = "<group>"; };
		B5B29E811DACA20B00DBF77B /* TarFileFormat.swift */ = {isa = PBXFileReference; fileEncoding = 4; lastKnownFileType = sourcecode.swift; path = TarFileFormat.swift; sourceTree = "<group>"; };
		B5B29E831DACB44100DBF77B /* FileHandle+Compression.swift */ = {isa = PBXFileReference; fileEncoding = 4; lastKnownFileType = sourcecode.swift; path = "FileHandle+Compression.swift"; sourceTree = "<group>"; };
		__PBXFileRef_Package.swift /* Package.swift */ = {isa = PBXFileReference; lastKnownFileType = sourcecode.swift; path = Package.swift; sourceTree = "<group>"; };
		"__PBXFileRef_Packages/SwiftPatterns-1.0.1/Sources/Alert.swift" /* Alert.swift */ = {isa = PBXFileReference; lastKnownFileType = sourcecode.swift; path = Alert.swift; sourceTree = "<group>"; };
		"__PBXFileRef_Packages/SwiftPatterns-1.0.1/Sources/ChangeSet.swift" /* ChangeSet.swift */ = {isa = PBXFileReference; lastKnownFileType = sourcecode.swift; path = ChangeSet.swift; sourceTree = "<group>"; };
		"__PBXFileRef_Packages/SwiftPatterns-1.0.1/Sources/DataExtraction.swift" /* DataExtraction.swift */ = {isa = PBXFileReference; lastKnownFileType = sourcecode.swift; path = DataExtraction.swift; sourceTree = "<group>"; };
		"__PBXFileRef_Packages/SwiftPatterns-1.0.1/Sources/DirectoryMonitor.swift" /* DirectoryMonitor.swift */ = {isa = PBXFileReference; lastKnownFileType = sourcecode.swift; path = DirectoryMonitor.swift; sourceTree = "<group>"; };
		"__PBXFileRef_Packages/SwiftPatterns-1.0.1/Sources/Math.swift" /* Math.swift */ = {isa = PBXFileReference; lastKnownFileType = sourcecode.swift; path = Math.swift; sourceTree = "<group>"; };
		"__PBXFileRef_Packages/SwiftPatterns-1.0.1/Sources/MediatedAccess.swift" /* MediatedAccess.swift */ = {isa = PBXFileReference; lastKnownFileType = sourcecode.swift; path = MediatedAccess.swift; sourceTree = "<group>"; };
		"__PBXFileRef_Packages/SwiftPatterns-1.0.1/Sources/NonNilArrayFilter.swift" /* NonNilArrayFilter.swift */ = {isa = PBXFileReference; lastKnownFileType = sourcecode.swift; path = NonNilArrayFilter.swift; sourceTree = "<group>"; };
		"__PBXFileRef_Packages/SwiftPatterns-1.0.1/Sources/QueuedVar.swift" /* QueuedVar.swift */ = {isa = PBXFileReference; lastKnownFileType = sourcecode.swift; path = QueuedVar.swift; sourceTree = "<group>"; };
		"__PBXFileRef_Packages/SwiftPatterns-1.0.1/Sources/SerializedResourceWrapping.swift" /* SerializedResourceWrapping.swift */ = {isa = PBXFileReference; lastKnownFileType = sourcecode.swift; path = SerializedResourceWrapping.swift; sourceTree = "<group>"; };
		"__PBXFileRef_Packages/SwiftPatterns-1.0.1/Sources/URL+ExtendedAttributes.swift" /* URL+ExtendedAttributes.swift */ = {isa = PBXFileReference; lastKnownFileType = sourcecode.swift; path = "URL+ExtendedAttributes.swift"; sourceTree = "<group>"; };
		"__PBXFileRef_Sources/Data+Compression.swift" /* Data+Compression.swift */ = {isa = PBXFileReference; lastKnownFileType = sourcecode.swift; path = "Data+Compression.swift"; sourceTree = "<group>"; };
		__PBXFileRef_Sources/Errors.swift /* Types.swift */ = {isa = PBXFileReference; lastKnownFileType = sourcecode.swift; path = Types.swift; sourceTree = "<group>"; };
		"__PBXFileRef_Sources/FileManager+Compression.swift" /* FileManager+Compression.swift */ = {isa = PBXFileReference; lastKnownFileType = sourcecode.swift; path = "FileManager+Compression.swift"; sourceTree = "<group>"; };
		__PBXFileRef_Sources/ZipDirectoryWrapping.swift /* ZipDirectoryWrapping.swift */ = {isa = PBXFileReference; lastKnownFileType = sourcecode.swift; path = ZipDirectoryWrapping.swift; sourceTree = "<group>"; };
		__PBXFileRef_Sources/ZipFileFormat.swift /* ZipFileFormat.swift */ = {isa = PBXFileReference; lastKnownFileType = sourcecode.swift; path = ZipFileFormat.swift; sourceTree = "<group>"; };
		__PBXFileRef_SwiftFoundationCompression.xcodeproj/Configs/Project.xcconfig /* SwiftFoundationCompression.xcodeproj/Configs/Project.xcconfig */ = {isa = PBXFileReference; lastKnownFileType = text.xcconfig; path = SwiftFoundationCompression.xcodeproj/Configs/Project.xcconfig; sourceTree = "<group>"; };
		__PBXFileRef_Tests/SwiftFoundationCompressionTests/Compression.swift /* DeflateTests.swift */ = {isa = PBXFileReference; lastKnownFileType = sourcecode.swift; path = DeflateTests.swift; sourceTree = "<group>"; };
		__PBXFileRef_Tests/SwiftFoundationCompressionTests/ZipDirectoryWrappingTests.swift /* ZipDirectoryWrappingTests.swift */ = {isa = PBXFileReference; lastKnownFileType = sourcecode.swift; path = ZipDirectoryWrappingTests.swift; sourceTree = "<group>"; };
		__PBXFileRef_Tests/SwiftFoundationCompressionTests/ZipFileFormatTests.swift /* ZipFileFormatTests.swift */ = {isa = PBXFileReference; lastKnownFileType = sourcecode.swift; path = ZipFileFormatTests.swift; sourceTree = "<group>"; };
		"_____Product_SwiftFoundationCompression" /* SwiftFoundationCompression.framework */ = {isa = PBXFileReference; explicitFileType = wrapper.framework; path = SwiftFoundationCompression.framework; sourceTree = BUILT_PRODUCTS_DIR; };
		"_____Product_SwiftFoundationCompressionTests" /* SwiftFoundationCompressionTests.xctest */ = {isa = PBXFileReference; lastKnownFileType = file; path = SwiftFoundationCompressionTests.xctest; sourceTree = BUILT_PRODUCTS_DIR; };
		"_____Product_SwiftPatterns" /* SwiftPatterns.framework */ = {isa = PBXFileReference; explicitFileType = wrapper.framework; path = SwiftPatterns.framework; sourceTree = BUILT_PRODUCTS_DIR; };
/* End PBXFileReference section */

/* Begin PBXFrameworksBuildPhase section */
		"___LinkPhase_SwiftFoundationCompression" /* Frameworks */ = {
			isa = PBXFrameworksBuildPhase;
			buildActionMask = 0;
			files = (
				_LinkFileRef_SwiftPatterns_via_SwiftFoundationCompression /* SwiftPatterns.framework in Frameworks */,
			);
			runOnlyForDeploymentPostprocessing = 0;
		};
		"___LinkPhase_SwiftFoundationCompressionTests" /* Frameworks */ = {
			isa = PBXFrameworksBuildPhase;
			buildActionMask = 0;
			files = (
				_LinkFileRef_SwiftPatterns_via_SwiftFoundationCompressionTests /* SwiftPatterns.framework in Frameworks */,
				_LinkFileRef_SwiftFoundationCompression_via_SwiftFoundationCompressionTests /* SwiftFoundationCompression.framework in Frameworks */,
			);
			runOnlyForDeploymentPostprocessing = 0;
		};
		"___LinkPhase_SwiftPatterns" /* Frameworks */ = {
			isa = PBXFrameworksBuildPhase;
			buildActionMask = 0;
			files = (
			);
			runOnlyForDeploymentPostprocessing = 0;
		};
/* End PBXFrameworksBuildPhase section */

/* Begin PBXGroup section */
		Dependencies_ /* Dependencies */ = {
			isa = PBXGroup;
			children = (
				"_______Group_SwiftPatterns" /* SwiftPatterns */,
			);
			name = Dependencies;
			sourceTree = "<group>";
		};
		TestProducts_ /* Tests */ = {
			isa = PBXGroup;
			children = (
				"_____Product_SwiftFoundationCompressionTests" /* SwiftFoundationCompressionTests.xctest */,
			);
			name = Tests;
			sourceTree = "<group>";
		};
		"___RootGroup_" = {
			isa = PBXGroup;
			children = (
				__PBXFileRef_Package.swift /* Package.swift */,
				"_____Configs_" /* Configs */,
				"_____Sources_" /* Sources */,
				Dependencies_ /* Dependencies */,
				"_______Tests_" /* Tests */,
				"____Products_" /* Products */,
			);
			sourceTree = "<group>";
		};
		"____Products_" /* Products */ = {
			isa = PBXGroup;
			children = (
				TestProducts_ /* Tests */,
				"_____Product_SwiftPatterns" /* SwiftPatterns.framework */,
				"_____Product_SwiftFoundationCompression" /* SwiftFoundationCompression.framework */,
			);
			name = Products;
			sourceTree = "<group>";
		};
		"_____Configs_" /* Configs */ = {
			isa = PBXGroup;
			children = (
				__PBXFileRef_SwiftFoundationCompression.xcodeproj/Configs/Project.xcconfig /* SwiftFoundationCompression.xcodeproj/Configs/Project.xcconfig */,
			);
			name = Configs;
			sourceTree = "<group>";
		};
		"_____Sources_" /* Sources */ = {
			isa = PBXGroup;
			children = (
				"_______Group_SwiftFoundationCompression" /* SwiftFoundationCompression */,
			);
			name = Sources;
			sourceTree = "<group>";
		};
		"_______Group_SwiftFoundationCompression" /* SwiftFoundationCompression */ = {
			isa = PBXGroup;
			children = (
				"__PBXFileRef_Sources/Data+Compression.swift" /* Data+Compression.swift */,
				__PBXFileRef_Sources/Errors.swift /* Types.swift */,
				"__PBXFileRef_Sources/FileManager+Compression.swift" /* FileManager+Compression.swift */,
				B5B29E831DACB44100DBF77B /* FileHandle+Compression.swift */,
				__PBXFileRef_Sources/ZipDirectoryWrapping.swift /* ZipDirectoryWrapping.swift */,
				__PBXFileRef_Sources/ZipFileFormat.swift /* ZipFileFormat.swift */,
				B5B29E811DACA20B00DBF77B /* TarFileFormat.swift */,
			);
			name = SwiftFoundationCompression;
			path = Sources;
			sourceTree = "<group>";
		};
		"_______Group_SwiftFoundationCompressionTests" /* SwiftFoundationCompressionTests */ = {
			isa = PBXGroup;
			children = (
				__PBXFileRef_Tests/SwiftFoundationCompressionTests/Compression.swift /* DeflateTests.swift */,
				__PBXFileRef_Tests/SwiftFoundationCompressionTests/ZipDirectoryWrappingTests.swift /* ZipDirectoryWrappingTests.swift */,
				__PBXFileRef_Tests/SwiftFoundationCompressionTests/ZipFileFormatTests.swift /* ZipFileFormatTests.swift */,
				B5B29E7C1DAC7EC500DBF77B /* I Surrender All.mxl */,
				B5B29E7D1DAC7EC500DBF77B /* Package.swift.zip */,
			);
			name = SwiftFoundationCompressionTests;
			path = Tests/SwiftFoundationCompressionTests;
			sourceTree = "<group>";
		};
		"_______Group_SwiftPatterns" /* SwiftPatterns */ = {
			isa = PBXGroup;
			children = (
				"__PBXFileRef_Packages/SwiftPatterns-1.0.1/Sources/Alert.swift" /* Alert.swift */,
				"__PBXFileRef_Packages/SwiftPatterns-1.0.1/Sources/ChangeSet.swift" /* ChangeSet.swift */,
				"__PBXFileRef_Packages/SwiftPatterns-1.0.1/Sources/DataExtraction.swift" /* DataExtraction.swift */,
				"__PBXFileRef_Packages/SwiftPatterns-1.0.1/Sources/DirectoryMonitor.swift" /* DirectoryMonitor.swift */,
				"__PBXFileRef_Packages/SwiftPatterns-1.0.1/Sources/Math.swift" /* Math.swift */,
				"__PBXFileRef_Packages/SwiftPatterns-1.0.1/Sources/MediatedAccess.swift" /* MediatedAccess.swift */,
				"__PBXFileRef_Packages/SwiftPatterns-1.0.1/Sources/NonNilArrayFilter.swift" /* NonNilArrayFilter.swift */,
				"__PBXFileRef_Packages/SwiftPatterns-1.0.1/Sources/QueuedVar.swift" /* QueuedVar.swift */,
				"__PBXFileRef_Packages/SwiftPatterns-1.0.1/Sources/SerializedResourceWrapping.swift" /* SerializedResourceWrapping.swift */,
				"__PBXFileRef_Packages/SwiftPatterns-1.0.1/Sources/URL+ExtendedAttributes.swift" /* URL+ExtendedAttributes.swift */,
			);
			name = SwiftPatterns;
			path = "Packages/SwiftPatterns-1.0.1/Sources";
			sourceTree = "<group>";
		};
		"_______Tests_" /* Tests */ = {
			isa = PBXGroup;
			children = (
				"_______Group_SwiftFoundationCompressionTests" /* SwiftFoundationCompressionTests */,
			);
			name = Tests;
			sourceTree = "<group>";
		};
/* End PBXGroup section */

/* Begin PBXNativeTarget section */
		"______Target_SwiftFoundationCompression" /* SwiftFoundationCompression */ = {
			isa = PBXNativeTarget;
			buildConfigurationList = "_______Confs_SwiftFoundationCompression" /* Build configuration list for PBXNativeTarget "SwiftFoundationCompression" */;
			buildPhases = (
				CompilePhase_SwiftFoundationCompression /* Sources */,
				"___LinkPhase_SwiftFoundationCompression" /* Frameworks */,
			);
			buildRules = (
			);
			dependencies = (
				__Dependency_SwiftPatterns /* PBXTargetDependency */,
			);
			name = SwiftFoundationCompression;
			productName = SwiftFoundationCompression;
			productReference = "_____Product_SwiftFoundationCompression" /* SwiftFoundationCompression.framework */;
			productType = "com.apple.product-type.framework";
		};
		"______Target_SwiftFoundationCompressionTests" /* SwiftFoundationCompressionTests */ = {
			isa = PBXNativeTarget;
			buildConfigurationList = "_______Confs_SwiftFoundationCompressionTests" /* Build configuration list for PBXNativeTarget "SwiftFoundationCompressionTests" */;
			buildPhases = (
				CompilePhase_SwiftFoundationCompressionTests /* Sources */,
				"___LinkPhase_SwiftFoundationCompressionTests" /* Frameworks */,
				B5B29E7E1DAC7ED100DBF77B /* Resources */,
			);
			buildRules = (
			);
			dependencies = (
				__Dependency_SwiftPatterns /* PBXTargetDependency */,
				__Dependency_SwiftFoundationCompression /* PBXTargetDependency */,
			);
			name = SwiftFoundationCompressionTests;
			productName = SwiftFoundationCompressionTests;
			productReference = "_____Product_SwiftFoundationCompressionTests" /* SwiftFoundationCompressionTests.xctest */;
			productType = "com.apple.product-type.bundle.unit-test";
		};
		"______Target_SwiftPatterns" /* SwiftPatterns */ = {
			isa = PBXNativeTarget;
			buildConfigurationList = "_______Confs_SwiftPatterns" /* Build configuration list for PBXNativeTarget "SwiftPatterns" */;
			buildPhases = (
				CompilePhase_SwiftPatterns /* Sources */,
				"___LinkPhase_SwiftPatterns" /* Frameworks */,
			);
			buildRules = (
			);
			dependencies = (
			);
			name = SwiftPatterns;
			productName = SwiftPatterns;
			productReference = "_____Product_SwiftPatterns" /* SwiftPatterns.framework */;
			productType = "com.apple.product-type.framework";
		};
/* End PBXNativeTarget section */

/* Begin PBXProject section */
		__RootObject_ /* Project object */ = {
			isa = PBXProject;
			attributes = {
				LastUpgradeCheck = 9999;
			};
			buildConfigurationList = "___RootConfs_" /* Build configuration list for PBXProject "SwiftFoundationCompression" */;
			compatibilityVersion = "Xcode 3.2";
			developmentRegion = English;
			hasScannedForEncodings = 0;
			knownRegions = (
				en,
			);
			mainGroup = "___RootGroup_";
			productRefGroup = "____Products_" /* Products */;
			projectDirPath = "";
			projectRoot = "";
			targets = (
				"______Target_SwiftPatterns" /* SwiftPatterns */,
				"______Target_SwiftFoundationCompression" /* SwiftFoundationCompression */,
				"______Target_SwiftFoundationCompressionTests" /* SwiftFoundationCompressionTests */,
			);
		};
/* End PBXProject section */

/* Begin PBXResourcesBuildPhase section */
		B5B29E7E1DAC7ED100DBF77B /* Resources */ = {
			isa = PBXResourcesBuildPhase;
			buildActionMask = 2147483647;
			files = (
				B5B29E7F1DAC7EDA00DBF77B /* I Surrender All.mxl in Resources */,
				B5B29E801DAC7EDA00DBF77B /* Package.swift.zip in Resources */,
			);
			runOnlyForDeploymentPostprocessing = 0;
		};
/* End PBXResourcesBuildPhase section */

/* Begin PBXSourcesBuildPhase section */
		CompilePhase_SwiftFoundationCompression /* Sources */ = {
			isa = PBXSourcesBuildPhase;
			buildActionMask = 0;
			files = (
				B5B29E851DACB4B100DBF77B /* FileHandle+Compression.swift in Sources */,
				"__src_cc_ref_Sources/Data+Compression.swift" /* Data+Compression.swift in Sources */,
				__src_cc_ref_Sources/Errors.swift /* Types.swift in Sources */,
				"__src_cc_ref_Sources/FileManager+Compression.swift" /* FileManager+Compression.swift in Sources */,
				__src_cc_ref_Sources/ZipDirectoryWrapping.swift /* ZipDirectoryWrapping.swift in Sources */,
				__src_cc_ref_Sources/ZipFileFormat.swift /* ZipFileFormat.swift in Sources */,
			);
			runOnlyForDeploymentPostprocessing = 0;
		};
		CompilePhase_SwiftFoundationCompressionTests /* Sources */ = {
			isa = PBXSourcesBuildPhase;
			buildActionMask = 0;
			files = (
				__src_cc_ref_Tests/SwiftFoundationCompressionTests/Compression.swift /* DeflateTests.swift in Sources */,
				__src_cc_ref_Tests/SwiftFoundationCompressionTests/ZipDirectoryWrappingTests.swift /* ZipDirectoryWrappingTests.swift in Sources */,
				B5B29E821DACA20B00DBF77B /* TarFileFormat.swift in Sources */,
				__src_cc_ref_Tests/SwiftFoundationCompressionTests/ZipFileFormatTests.swift /* ZipFileFormatTests.swift in Sources */,
			);
			runOnlyForDeploymentPostprocessing = 0;
		};
		CompilePhase_SwiftPatterns /* Sources */ = {
			isa = PBXSourcesBuildPhase;
			buildActionMask = 0;
			files = (
				"__src_cc_ref_Packages/SwiftPatterns-1.0.1/Sources/Alert.swift" /* Alert.swift in Sources */,
				"__src_cc_ref_Packages/SwiftPatterns-1.0.1/Sources/ChangeSet.swift" /* ChangeSet.swift in Sources */,
				"__src_cc_ref_Packages/SwiftPatterns-1.0.1/Sources/DataExtraction.swift" /* DataExtraction.swift in Sources */,
				"__src_cc_ref_Packages/SwiftPatterns-1.0.1/Sources/DirectoryMonitor.swift" /* DirectoryMonitor.swift in Sources */,
				"__src_cc_ref_Packages/SwiftPatterns-1.0.1/Sources/Math.swift" /* Math.swift in Sources */,
				"__src_cc_ref_Packages/SwiftPatterns-1.0.1/Sources/MediatedAccess.swift" /* MediatedAccess.swift in Sources */,
				"__src_cc_ref_Packages/SwiftPatterns-1.0.1/Sources/NonNilArrayFilter.swift" /* NonNilArrayFilter.swift in Sources */,
				"__src_cc_ref_Packages/SwiftPatterns-1.0.1/Sources/QueuedVar.swift" /* QueuedVar.swift in Sources */,
				"__src_cc_ref_Packages/SwiftPatterns-1.0.1/Sources/SerializedResourceWrapping.swift" /* SerializedResourceWrapping.swift in Sources */,
				"__src_cc_ref_Packages/SwiftPatterns-1.0.1/Sources/URL+ExtendedAttributes.swift" /* URL+ExtendedAttributes.swift in Sources */,
			);
			runOnlyForDeploymentPostprocessing = 0;
		};
/* End PBXSourcesBuildPhase section */

/* Begin PBXTargetDependency section */
		__Dependency_SwiftFoundationCompression /* PBXTargetDependency */ = {
			isa = PBXTargetDependency;
			target = "______Target_SwiftFoundationCompression" /* SwiftFoundationCompression */;
			targetProxy = B5B29E7B1DAC7CF700DBF77B /* PBXContainerItemProxy */;
		};
		__Dependency_SwiftPatterns /* PBXTargetDependency */ = {
			isa = PBXTargetDependency;
			target = "______Target_SwiftPatterns" /* SwiftPatterns */;
			targetProxy = B5B29E7A1DAC7CF700DBF77B /* PBXContainerItemProxy */;
		};
/* End PBXTargetDependency section */

/* Begin XCBuildConfiguration section */
		_ReleaseConf_SwiftFoundationCompression /* Release */ = {
			isa = XCBuildConfiguration;
			buildSettings = {
				ENABLE_TESTABILITY = YES;
				FRAMEWORK_SEARCH_PATHS = "$(PLATFORM_DIR)/Developer/Library/Frameworks";
				HEADER_SEARCH_PATHS = "/Users/ben/GitHub/SwiftFoundationCompression/Packages/CZlib-0.1.1";
				INFOPLIST_FILE = SwiftFoundationCompression.xcodeproj/SwiftFoundationCompression_Info.plist;
				LD_RUNPATH_SEARCH_PATHS = "$(TOOLCHAIN_DIR)/usr/lib/swift/macosx";
				OTHER_LDFLAGS = "$(inherited)";
				OTHER_SWIFT_FLAGS = "$(inherited)";
				PRODUCT_BUNDLE_IDENTIFIER = SwiftFoundationCompression;
				PRODUCT_MODULE_NAME = "$(TARGET_NAME:c99extidentifier)";
				PRODUCT_NAME = "$(TARGET_NAME:c99extidentifier)";
				SWIFT_VERSION = 3.0;
			};
			name = Release;
		};
		_ReleaseConf_SwiftFoundationCompressionTests /* Release */ = {
			isa = XCBuildConfiguration;
			buildSettings = {
				EMBEDDED_CONTENT_CONTAINS_SWIFT = YES;
				FRAMEWORK_SEARCH_PATHS = "$(PLATFORM_DIR)/Developer/Library/Frameworks";
				HEADER_SEARCH_PATHS = "/Users/ben/GitHub/SwiftFoundationCompression/Packages/CZlib-0.1.1";
				INFOPLIST_FILE = SwiftFoundationCompression.xcodeproj/SwiftFoundationCompressionTests_Info.plist;
				LD_RUNPATH_SEARCH_PATHS = "@loader_path/../Frameworks";
				OTHER_LDFLAGS = "$(inherited)";
				OTHER_SWIFT_FLAGS = "$(inherited)";
				SWIFT_VERSION = 3.0;
			};
			name = Release;
		};
		_ReleaseConf_SwiftPatterns /* Release */ = {
			isa = XCBuildConfiguration;
			buildSettings = {
				ENABLE_TESTABILITY = YES;
				FRAMEWORK_SEARCH_PATHS = "$(PLATFORM_DIR)/Developer/Library/Frameworks";
				INFOPLIST_FILE = SwiftFoundationCompression.xcodeproj/SwiftPatterns_Info.plist;
				LD_RUNPATH_SEARCH_PATHS = "$(TOOLCHAIN_DIR)/usr/lib/swift/macosx";
				OTHER_LDFLAGS = "$(inherited)";
				OTHER_SWIFT_FLAGS = "$(inherited)";
				PRODUCT_BUNDLE_IDENTIFIER = SwiftPatterns;
				PRODUCT_MODULE_NAME = "$(TARGET_NAME:c99extidentifier)";
				PRODUCT_NAME = "$(TARGET_NAME:c99extidentifier)";
				SWIFT_VERSION = 3.0;
			};
			name = Release;
		};
		"___DebugConf_SwiftFoundationCompression" /* Debug */ = {
			isa = XCBuildConfiguration;
			buildSettings = {
				ENABLE_TESTABILITY = YES;
				FRAMEWORK_SEARCH_PATHS = "$(PLATFORM_DIR)/Developer/Library/Frameworks";
				HEADER_SEARCH_PATHS = "/Users/ben/GitHub/SwiftFoundationCompression/Packages/CZlib-0.1.1";
				INFOPLIST_FILE = SwiftFoundationCompression.xcodeproj/SwiftFoundationCompression_Info.plist;
				LD_RUNPATH_SEARCH_PATHS = "$(TOOLCHAIN_DIR)/usr/lib/swift/macosx";
				OTHER_LDFLAGS = "$(inherited)";
				OTHER_SWIFT_FLAGS = "$(inherited)";
				PRODUCT_BUNDLE_IDENTIFIER = SwiftFoundationCompression;
				PRODUCT_MODULE_NAME = "$(TARGET_NAME:c99extidentifier)";
				PRODUCT_NAME = "$(TARGET_NAME:c99extidentifier)";
				SWIFT_OPTIMIZATION_LEVEL = "-Onone";
				SWIFT_VERSION = 3.0;
			};
			name = Debug;
		};
		"___DebugConf_SwiftFoundationCompressionTests" /* Debug */ = {
			isa = XCBuildConfiguration;
			buildSettings = {
				EMBEDDED_CONTENT_CONTAINS_SWIFT = YES;
				FRAMEWORK_SEARCH_PATHS = "$(PLATFORM_DIR)/Developer/Library/Frameworks";
				HEADER_SEARCH_PATHS = "/Users/ben/GitHub/SwiftFoundationCompression/Packages/CZlib-0.1.1";
				INFOPLIST_FILE = SwiftFoundationCompression.xcodeproj/SwiftFoundationCompressionTests_Info.plist;
				LD_RUNPATH_SEARCH_PATHS = "@loader_path/../Frameworks";
				OTHER_LDFLAGS = "$(inherited)";
				OTHER_SWIFT_FLAGS = "$(inherited)";
				SWIFT_OPTIMIZATION_LEVEL = "-Onone";
				SWIFT_VERSION = 3.0;
			};
			name = Debug;
		};
		"___DebugConf_SwiftPatterns" /* Debug */ = {
			isa = XCBuildConfiguration;
			buildSettings = {
				ENABLE_TESTABILITY = YES;
				FRAMEWORK_SEARCH_PATHS = "$(PLATFORM_DIR)/Developer/Library/Frameworks";
				INFOPLIST_FILE = SwiftFoundationCompression.xcodeproj/SwiftPatterns_Info.plist;
				LD_RUNPATH_SEARCH_PATHS = "$(TOOLCHAIN_DIR)/usr/lib/swift/macosx";
				OTHER_LDFLAGS = "$(inherited)";
				OTHER_SWIFT_FLAGS = "$(inherited)";
				PRODUCT_BUNDLE_IDENTIFIER = SwiftPatterns;
				PRODUCT_MODULE_NAME = "$(TARGET_NAME:c99extidentifier)";
				PRODUCT_NAME = "$(TARGET_NAME:c99extidentifier)";
				SWIFT_OPTIMIZATION_LEVEL = "-Onone";
				SWIFT_VERSION = 3.0;
			};
			name = Debug;
		};
		"_____Release_" /* Release */ = {
			isa = XCBuildConfiguration;
			baseConfigurationReference = __PBXFileRef_SwiftFoundationCompression.xcodeproj/Configs/Project.xcconfig /* SwiftFoundationCompression.xcodeproj/Configs/Project.xcconfig */;
			buildSettings = {
			};
			name = Release;
		};
		"_______Debug_" /* Debug */ = {
			isa = XCBuildConfiguration;
			baseConfigurationReference = __PBXFileRef_SwiftFoundationCompression.xcodeproj/Configs/Project.xcconfig /* SwiftFoundationCompression.xcodeproj/Configs/Project.xcconfig */;
			buildSettings = {
			};
			name = Debug;
		};
/* End XCBuildConfiguration section */

/* Begin XCConfigurationList section */
		"___RootConfs_" /* Build configuration list for PBXProject "SwiftFoundationCompression" */ = {
			isa = XCConfigurationList;
			buildConfigurations = (
				"_______Debug_" /* Debug */,
				"_____Release_" /* Release */,
			);
			defaultConfigurationIsVisible = 0;
			defaultConfigurationName = Debug;
		};
		"_______Confs_SwiftFoundationCompression" /* Build configuration list for PBXNativeTarget "SwiftFoundationCompression" */ = {
			isa = XCConfigurationList;
			buildConfigurations = (
				"___DebugConf_SwiftFoundationCompression" /* Debug */,
				_ReleaseConf_SwiftFoundationCompression /* Release */,
			);
			defaultConfigurationIsVisible = 0;
			defaultConfigurationName = Debug;
		};
		"_______Confs_SwiftFoundationCompressionTests" /* Build configuration list for PBXNativeTarget "SwiftFoundationCompressionTests" */ = {
			isa = XCConfigurationList;
			buildConfigurations = (
				"___DebugConf_SwiftFoundationCompressionTests" /* Debug */,
				_ReleaseConf_SwiftFoundationCompressionTests /* Release */,
			);
			defaultConfigurationIsVisible = 0;
			defaultConfigurationName = Debug;
		};
		"_______Confs_SwiftPatterns" /* Build configuration list for PBXNativeTarget "SwiftPatterns" */ = {
			isa = XCConfigurationList;
			buildConfigurations = (
				"___DebugConf_SwiftPatterns" /* Debug */,
				_ReleaseConf_SwiftPatterns /* Release */,
			);
			defaultConfigurationIsVisible = 0;
			defaultConfigurationName = Debug;
		};
/* End XCConfigurationList section */
	};
	rootObject = __RootObject_ /* Project object */;
}
