// !$*UTF8*$!
{
	archiveVersion = 1;
	classes = {
	};
	objectVersion = 46;
	objects = {

/* Begin PBXAggregateTarget section */
		"CZlib::CZlib::ProductTarget" /* CZlib */ = {
			isa = PBXAggregateTarget;
			buildConfigurationList = OBJ_114 /* Build configuration list for PBXAggregateTarget "CZlib" */;
			buildPhases = (
			);
			dependencies = (
			);
			name = CZlib;
			productName = CZlib;
		};
		"SwiftFoundationCompression::SwiftFoundationCompressionPackageTests::ProductTarget" /* SwiftFoundationCompressionPackageTests */ = {
			isa = PBXAggregateTarget;
			buildConfigurationList = OBJ_109 /* Build configuration list for PBXAggregateTarget "SwiftFoundationCompressionPackageTests" */;
			buildPhases = (
			);
			dependencies = (
				OBJ_112 /* PBXTargetDependency */,
			);
			name = SwiftFoundationCompressionPackageTests;
			productName = SwiftFoundationCompressionPackageTests;
		};
/* End PBXAggregateTarget section */

/* Begin PBXBuildFile section */
		OBJ_100 /* LogSearch.swift in Sources */ = {isa = PBXBuildFile; fileRef = OBJ_34 /* LogSearch.swift */; };
		OBJ_101 /* Math.swift in Sources */ = {isa = PBXBuildFile; fileRef = OBJ_35 /* Math.swift */; };
		OBJ_102 /* MediatedAccess.swift in Sources */ = {isa = PBXBuildFile; fileRef = OBJ_36 /* MediatedAccess.swift */; };
		OBJ_103 /* QueuedVar.swift in Sources */ = {isa = PBXBuildFile; fileRef = OBJ_37 /* QueuedVar.swift */; };
		OBJ_104 /* SerializedResourceWrapping.swift in Sources */ = {isa = PBXBuildFile; fileRef = OBJ_38 /* SerializedResourceWrapping.swift */; };
		OBJ_105 /* URL+ExtendedAttributes.swift in Sources */ = {isa = PBXBuildFile; fileRef = OBJ_39 /* URL+ExtendedAttributes.swift */; };
		OBJ_106 /* XMLItem.swift in Sources */ = {isa = PBXBuildFile; fileRef = OBJ_40 /* XMLItem.swift */; };
		OBJ_51 /* Package.swift in Sources */ = {isa = PBXBuildFile; fileRef = OBJ_6 /* Package.swift */; };
		OBJ_57 /* Package.swift in Sources */ = {isa = PBXBuildFile; fileRef = OBJ_41 /* Package.swift */; };
		OBJ_63 /* DeflateTests.swift in Sources */ = {isa = PBXBuildFile; fileRef = OBJ_19 /* DeflateTests.swift */; };
		OBJ_64 /* GZipHeaderTests.swift in Sources */ = {isa = PBXBuildFile; fileRef = OBJ_20 /* GZipHeaderTests.swift */; };
		OBJ_65 /* GunzipTests.swift in Sources */ = {isa = PBXBuildFile; fileRef = OBJ_21 /* GunzipTests.swift */; };
		OBJ_66 /* WritingZipFiles.swift in Sources */ = {isa = PBXBuildFile; fileRef = OBJ_22 /* WritingZipFiles.swift */; };
		OBJ_67 /* XCTestManifests.swift in Sources */ = {isa = PBXBuildFile; fileRef = OBJ_23 /* XCTestManifests.swift */; };
		OBJ_68 /* ZipDirectoryWrappingTests.swift in Sources */ = {isa = PBXBuildFile; fileRef = OBJ_24 /* ZipDirectoryWrappingTests.swift */; };
		OBJ_69 /* ZipFileFormatTests.swift in Sources */ = {isa = PBXBuildFile; fileRef = OBJ_25 /* ZipFileFormatTests.swift */; };
		OBJ_71 /* SwiftFoundationCompression.framework in Frameworks */ = {isa = PBXBuildFile; fileRef = "SwiftFoundationCompression::SwiftFoundationCompression::Product" /* SwiftFoundationCompression.framework */; };
		OBJ_72 /* SwiftPatterns.framework in Frameworks */ = {isa = PBXBuildFile; fileRef = "SwiftPatterns::SwiftPatterns::Product" /* SwiftPatterns.framework */; };
		OBJ_81 /* Data+Compression.swift in Sources */ = {isa = PBXBuildFile; fileRef = OBJ_9 /* Data+Compression.swift */; };
		OBJ_82 /* FileManager+Compression.swift in Sources */ = {isa = PBXBuildFile; fileRef = OBJ_10 /* FileManager+Compression.swift */; };
		OBJ_83 /* GZipDataWrapping.swift in Sources */ = {isa = PBXBuildFile; fileRef = OBJ_11 /* GZipDataWrapping.swift */; };
		OBJ_84 /* TarDirectoryWrapper.swift in Sources */ = {isa = PBXBuildFile; fileRef = OBJ_12 /* TarDirectoryWrapper.swift */; };
		OBJ_85 /* Types.swift in Sources */ = {isa = PBXBuildFile; fileRef = OBJ_13 /* Types.swift */; };
		OBJ_86 /* WritingZipFiles.swift in Sources */ = {isa = PBXBuildFile; fileRef = OBJ_14 /* WritingZipFiles.swift */; };
		OBJ_87 /* ZipDirectoryWrapping.swift in Sources */ = {isa = PBXBuildFile; fileRef = OBJ_15 /* ZipDirectoryWrapping.swift */; };
		OBJ_88 /* ZipFileFormat.swift in Sources */ = {isa = PBXBuildFile; fileRef = OBJ_16 /* ZipFileFormat.swift */; };
		OBJ_90 /* SwiftPatterns.framework in Frameworks */ = {isa = PBXBuildFile; fileRef = "SwiftPatterns::SwiftPatterns::Product" /* SwiftPatterns.framework */; };
		OBJ_96 /* Alert.swift in Sources */ = {isa = PBXBuildFile; fileRef = OBJ_30 /* Alert.swift */; };
		OBJ_97 /* ChangeSet.swift in Sources */ = {isa = PBXBuildFile; fileRef = OBJ_31 /* ChangeSet.swift */; };
		OBJ_98 /* DataExtraction.swift in Sources */ = {isa = PBXBuildFile; fileRef = OBJ_32 /* DataExtraction.swift */; };
		OBJ_99 /* DirectoryMonitor.swift in Sources */ = {isa = PBXBuildFile; fileRef = OBJ_33 /* DirectoryMonitor.swift */; };
/* End PBXBuildFile section */

/* Begin PBXContainerItemProxy section */
		B5CA096F1F9F5FC300D60D80 /* PBXContainerItemProxy */ = {
			isa = PBXContainerItemProxy;
			containerPortal = OBJ_1 /* Project object */;
			proxyType = 1;
			remoteGlobalIDString = "SwiftPatterns::SwiftPatterns";
			remoteInfo = SwiftPatterns;
		};
		B5CA09701F9F5FC300D60D80 /* PBXContainerItemProxy */ = {
			isa = PBXContainerItemProxy;
			containerPortal = OBJ_1 /* Project object */;
			proxyType = 1;
			remoteGlobalIDString = "SwiftFoundationCompression::SwiftFoundationCompression";
			remoteInfo = SwiftFoundationCompression;
		};
		B5CA09711F9F5FC300D60D80 /* PBXContainerItemProxy */ = {
			isa = PBXContainerItemProxy;
			containerPortal = OBJ_1 /* Project object */;
			proxyType = 1;
			remoteGlobalIDString = "SwiftPatterns::SwiftPatterns";
			remoteInfo = SwiftPatterns;
		};
		B5CA09721F9F5FC400D60D80 /* PBXContainerItemProxy */ = {
			isa = PBXContainerItemProxy;
			containerPortal = OBJ_1 /* Project object */;
			proxyType = 1;
			remoteGlobalIDString = "SwiftFoundationCompression::SwiftFoundationCompressionTests";
			remoteInfo = SwiftFoundationCompressionTests;
		};
/* End PBXContainerItemProxy section */

/* Begin PBXFileReference section */
		OBJ_10 /* FileManager+Compression.swift */ = {isa = PBXFileReference; lastKnownFileType = sourcecode.swift; path = "FileManager+Compression.swift"; sourceTree = "<group>"; };
		OBJ_11 /* GZipDataWrapping.swift */ = {isa = PBXFileReference; lastKnownFileType = sourcecode.swift; path = GZipDataWrapping.swift; sourceTree = "<group>"; };
		OBJ_12 /* TarDirectoryWrapper.swift */ = {isa = PBXFileReference; lastKnownFileType = sourcecode.swift; path = TarDirectoryWrapper.swift; sourceTree = "<group>"; };
		OBJ_13 /* Types.swift */ = {isa = PBXFileReference; lastKnownFileType = sourcecode.swift; path = Types.swift; sourceTree = "<group>"; };
		OBJ_14 /* WritingZipFiles.swift */ = {isa = PBXFileReference; lastKnownFileType = sourcecode.swift; path = WritingZipFiles.swift; sourceTree = "<group>"; };
		OBJ_15 /* ZipDirectoryWrapping.swift */ = {isa = PBXFileReference; lastKnownFileType = sourcecode.swift; path = ZipDirectoryWrapping.swift; sourceTree = "<group>"; };
		OBJ_16 /* ZipFileFormat.swift */ = {isa = PBXFileReference; lastKnownFileType = sourcecode.swift; path = ZipFileFormat.swift; sourceTree = "<group>"; };
		OBJ_19 /* DeflateTests.swift */ = {isa = PBXFileReference; lastKnownFileType = sourcecode.swift; path = DeflateTests.swift; sourceTree = "<group>"; };
		OBJ_20 /* GZipHeaderTests.swift */ = {isa = PBXFileReference; lastKnownFileType = sourcecode.swift; path = GZipHeaderTests.swift; sourceTree = "<group>"; };
		OBJ_21 /* GunzipTests.swift */ = {isa = PBXFileReference; lastKnownFileType = sourcecode.swift; path = GunzipTests.swift; sourceTree = "<group>"; };
		OBJ_22 /* WritingZipFiles.swift */ = {isa = PBXFileReference; lastKnownFileType = sourcecode.swift; path = WritingZipFiles.swift; sourceTree = "<group>"; };
		OBJ_23 /* XCTestManifests.swift */ = {isa = PBXFileReference; lastKnownFileType = sourcecode.swift; path = XCTestManifests.swift; sourceTree = "<group>"; };
		OBJ_24 /* ZipDirectoryWrappingTests.swift */ = {isa = PBXFileReference; lastKnownFileType = sourcecode.swift; path = ZipDirectoryWrappingTests.swift; sourceTree = "<group>"; };
		OBJ_25 /* ZipFileFormatTests.swift */ = {isa = PBXFileReference; lastKnownFileType = sourcecode.swift; path = ZipFileFormatTests.swift; sourceTree = "<group>"; };
		OBJ_26 /* DerivedData */ = {isa = PBXFileReference; lastKnownFileType = folder; path = DerivedData; sourceTree = SOURCE_ROOT; };
		OBJ_30 /* Alert.swift */ = {isa = PBXFileReference; lastKnownFileType = sourcecode.swift; path = Alert.swift; sourceTree = "<group>"; };
		OBJ_31 /* ChangeSet.swift */ = {isa = PBXFileReference; lastKnownFileType = sourcecode.swift; path = ChangeSet.swift; sourceTree = "<group>"; };
		OBJ_32 /* DataExtraction.swift */ = {isa = PBXFileReference; lastKnownFileType = sourcecode.swift; path = DataExtraction.swift; sourceTree = "<group>"; };
		OBJ_33 /* DirectoryMonitor.swift */ = {isa = PBXFileReference; lastKnownFileType = sourcecode.swift; path = DirectoryMonitor.swift; sourceTree = "<group>"; };
		OBJ_34 /* LogSearch.swift */ = {isa = PBXFileReference; lastKnownFileType = sourcecode.swift; path = LogSearch.swift; sourceTree = "<group>"; };
		OBJ_35 /* Math.swift */ = {isa = PBXFileReference; lastKnownFileType = sourcecode.swift; path = Math.swift; sourceTree = "<group>"; };
		OBJ_36 /* MediatedAccess.swift */ = {isa = PBXFileReference; lastKnownFileType = sourcecode.swift; path = MediatedAccess.swift; sourceTree = "<group>"; };
		OBJ_37 /* QueuedVar.swift */ = {isa = PBXFileReference; lastKnownFileType = sourcecode.swift; path = QueuedVar.swift; sourceTree = "<group>"; };
		OBJ_38 /* SerializedResourceWrapping.swift */ = {isa = PBXFileReference; lastKnownFileType = sourcecode.swift; path = SerializedResourceWrapping.swift; sourceTree = "<group>"; };
		OBJ_39 /* URL+ExtendedAttributes.swift */ = {isa = PBXFileReference; lastKnownFileType = sourcecode.swift; path = "URL+ExtendedAttributes.swift"; sourceTree = "<group>"; };
		OBJ_40 /* XMLItem.swift */ = {isa = PBXFileReference; lastKnownFileType = sourcecode.swift; path = XMLItem.swift; sourceTree = "<group>"; };
		OBJ_41 /* Package.swift */ = {isa = PBXFileReference; explicitFileType = sourcecode.swift; name = Package.swift; path = "/Users/ben/GitHub/SwiftFoundationCompression/.build/checkouts/SwiftPatterns.git-1119433692948586361/Package.swift"; sourceTree = "<group>"; };
		OBJ_6 /* Package.swift */ = {isa = PBXFileReference; explicitFileType = sourcecode.swift; path = Package.swift; sourceTree = "<group>"; };
		OBJ_9 /* Data+Compression.swift */ = {isa = PBXFileReference; lastKnownFileType = sourcecode.swift; path = "Data+Compression.swift"; sourceTree = "<group>"; };
		"SwiftFoundationCompression::SwiftFoundationCompression::Product" /* SwiftFoundationCompression.framework */ = {isa = PBXFileReference; explicitFileType = wrapper.framework; path = SwiftFoundationCompression.framework; sourceTree = BUILT_PRODUCTS_DIR; };
		"SwiftFoundationCompression::SwiftFoundationCompressionTests::Product" /* SwiftFoundationCompressionTests.xctest */ = {isa = PBXFileReference; lastKnownFileType = file; path = SwiftFoundationCompressionTests.xctest; sourceTree = BUILT_PRODUCTS_DIR; };
		"SwiftPatterns::SwiftPatterns::Product" /* SwiftPatterns.framework */ = {isa = PBXFileReference; explicitFileType = wrapper.framework; path = SwiftPatterns.framework; sourceTree = BUILT_PRODUCTS_DIR; };
/* End PBXFileReference section */

/* Begin PBXFrameworksBuildPhase section */
		OBJ_107 /* Frameworks */ = {
			isa = PBXFrameworksBuildPhase;
			buildActionMask = 0;
			files = (
			);
			runOnlyForDeploymentPostprocessing = 0;
		};
		OBJ_70 /* Frameworks */ = {
			isa = PBXFrameworksBuildPhase;
			buildActionMask = 0;
			files = (
				OBJ_71 /* SwiftFoundationCompression.framework in Frameworks */,
				OBJ_72 /* SwiftPatterns.framework in Frameworks */,
			);
			runOnlyForDeploymentPostprocessing = 0;
		};
		OBJ_89 /* Frameworks */ = {
			isa = PBXFrameworksBuildPhase;
			buildActionMask = 0;
			files = (
				OBJ_90 /* SwiftPatterns.framework in Frameworks */,
			);
			runOnlyForDeploymentPostprocessing = 0;
		};
/* End PBXFrameworksBuildPhase section */

/* Begin PBXGroup section */
		OBJ_17 /* Tests */ = {
			isa = PBXGroup;
			children = (
				OBJ_18 /* SwiftFoundationCompressionTests */,
			);
			name = Tests;
			sourceTree = SOURCE_ROOT;
		};
		OBJ_18 /* SwiftFoundationCompressionTests */ = {
			isa = PBXGroup;
			children = (
				OBJ_19 /* DeflateTests.swift */,
				OBJ_20 /* GZipHeaderTests.swift */,
				OBJ_21 /* GunzipTests.swift */,
				OBJ_22 /* WritingZipFiles.swift */,
				OBJ_23 /* XCTestManifests.swift */,
				OBJ_24 /* ZipDirectoryWrappingTests.swift */,
				OBJ_25 /* ZipFileFormatTests.swift */,
			);
			name = SwiftFoundationCompressionTests;
			path = Tests/SwiftFoundationCompressionTests;
			sourceTree = SOURCE_ROOT;
		};
		OBJ_27 /* Dependencies */ = {
			isa = PBXGroup;
			children = (
				OBJ_28 /* SwiftPatterns 2.1.0 */,
			);
			name = Dependencies;
			sourceTree = "<group>";
		};
		OBJ_28 /* SwiftPatterns 2.1.0 */ = {
			isa = PBXGroup;
			children = (
				OBJ_29 /* SwiftPatterns */,
				OBJ_41 /* Package.swift */,
			);
			name = "SwiftPatterns 2.1.0";
			sourceTree = SOURCE_ROOT;
		};
		OBJ_29 /* SwiftPatterns */ = {
			isa = PBXGroup;
			children = (
				OBJ_30 /* Alert.swift */,
				OBJ_31 /* ChangeSet.swift */,
				OBJ_32 /* DataExtraction.swift */,
				OBJ_33 /* DirectoryMonitor.swift */,
				OBJ_34 /* LogSearch.swift */,
				OBJ_35 /* Math.swift */,
				OBJ_36 /* MediatedAccess.swift */,
				OBJ_37 /* QueuedVar.swift */,
				OBJ_38 /* SerializedResourceWrapping.swift */,
				OBJ_39 /* URL+ExtendedAttributes.swift */,
				OBJ_40 /* XMLItem.swift */,
			);
			name = SwiftPatterns;
			path = ".build/checkouts/SwiftPatterns.git-1119433692948586361/Sources/SwiftPatterns";
			sourceTree = SOURCE_ROOT;
		};
		OBJ_42 /* Products */ = {
			isa = PBXGroup;
			children = (
				"SwiftFoundationCompression::SwiftFoundationCompressionTests::Product" /* SwiftFoundationCompressionTests.xctest */,
				"SwiftFoundationCompression::SwiftFoundationCompression::Product" /* SwiftFoundationCompression.framework */,
				"SwiftPatterns::SwiftPatterns::Product" /* SwiftPatterns.framework */,
			);
			name = Products;
			sourceTree = BUILT_PRODUCTS_DIR;
		};
		OBJ_5 /*  */ = {
			isa = PBXGroup;
			children = (
				OBJ_6 /* Package.swift */,
				OBJ_7 /* Sources */,
				OBJ_17 /* Tests */,
				OBJ_26 /* DerivedData */,
				OBJ_27 /* Dependencies */,
				OBJ_42 /* Products */,
			);
			name = "";
			sourceTree = "<group>";
		};
		OBJ_7 /* Sources */ = {
			isa = PBXGroup;
			children = (
				OBJ_8 /* SwiftFoundationCompression */,
			);
			name = Sources;
			sourceTree = SOURCE_ROOT;
		};
		OBJ_8 /* SwiftFoundationCompression */ = {
			isa = PBXGroup;
			children = (
				OBJ_9 /* Data+Compression.swift */,
				OBJ_10 /* FileManager+Compression.swift */,
				OBJ_11 /* GZipDataWrapping.swift */,
				OBJ_12 /* TarDirectoryWrapper.swift */,
				OBJ_13 /* Types.swift */,
				OBJ_14 /* WritingZipFiles.swift */,
				OBJ_15 /* ZipDirectoryWrapping.swift */,
				OBJ_16 /* ZipFileFormat.swift */,
			);
			name = SwiftFoundationCompression;
			path = Sources/SwiftFoundationCompression;
			sourceTree = SOURCE_ROOT;
		};
/* End PBXGroup section */

/* Begin PBXNativeTarget section */
		"SwiftFoundationCompression::SwiftFoundationCompression" /* SwiftFoundationCompression */ = {
			isa = PBXNativeTarget;
			buildConfigurationList = OBJ_77 /* Build configuration list for PBXNativeTarget "SwiftFoundationCompression" */;
			buildPhases = (
				OBJ_80 /* Sources */,
				OBJ_89 /* Frameworks */,
			);
			buildRules = (
			);
			dependencies = (
				OBJ_91 /* PBXTargetDependency */,
			);
			name = SwiftFoundationCompression;
			productName = SwiftFoundationCompression;
			productReference = "SwiftFoundationCompression::SwiftFoundationCompression::Product" /* SwiftFoundationCompression.framework */;
			productType = "com.apple.product-type.framework";
		};
		"SwiftFoundationCompression::SwiftFoundationCompressionTests" /* SwiftFoundationCompressionTests */ = {
			isa = PBXNativeTarget;
			buildConfigurationList = OBJ_59 /* Build configuration list for PBXNativeTarget "SwiftFoundationCompressionTests" */;
			buildPhases = (
				OBJ_62 /* Sources */,
				OBJ_70 /* Frameworks */,
			);
			buildRules = (
			);
			dependencies = (
				OBJ_73 /* PBXTargetDependency */,
				OBJ_75 /* PBXTargetDependency */,
			);
			name = SwiftFoundationCompressionTests;
			productName = SwiftFoundationCompressionTests;
			productReference = "SwiftFoundationCompression::SwiftFoundationCompressionTests::Product" /* SwiftFoundationCompressionTests.xctest */;
			productType = "com.apple.product-type.bundle.unit-test";
		};
		"SwiftFoundationCompression::SwiftPMPackageDescription" /* SwiftFoundationCompressionPackageDescription */ = {
			isa = PBXNativeTarget;
			buildConfigurationList = OBJ_47 /* Build configuration list for PBXNativeTarget "SwiftFoundationCompressionPackageDescription" */;
			buildPhases = (
				OBJ_50 /* Sources */,
			);
			buildRules = (
			);
			dependencies = (
			);
			name = SwiftFoundationCompressionPackageDescription;
			productName = SwiftFoundationCompressionPackageDescription;
			productType = "com.apple.product-type.framework";
		};
		"SwiftPatterns::SwiftPMPackageDescription" /* SwiftPatternsPackageDescription */ = {
			isa = PBXNativeTarget;
			buildConfigurationList = OBJ_53 /* Build configuration list for PBXNativeTarget "SwiftPatternsPackageDescription" */;
			buildPhases = (
				OBJ_56 /* Sources */,
			);
			buildRules = (
			);
			dependencies = (
			);
			name = SwiftPatternsPackageDescription;
			productName = SwiftPatternsPackageDescription;
			productType = "com.apple.product-type.framework";
		};
		"SwiftPatterns::SwiftPatterns" /* SwiftPatterns */ = {
			isa = PBXNativeTarget;
			buildConfigurationList = OBJ_92 /* Build configuration list for PBXNativeTarget "SwiftPatterns" */;
			buildPhases = (
				OBJ_95 /* Sources */,
				OBJ_107 /* Frameworks */,
			);
			buildRules = (
			);
			dependencies = (
			);
			name = SwiftPatterns;
			productName = SwiftPatterns;
			productReference = "SwiftPatterns::SwiftPatterns::Product" /* SwiftPatterns.framework */;
			productType = "com.apple.product-type.framework";
		};
/* End PBXNativeTarget section */

/* Begin PBXProject section */
		OBJ_1 /* Project object */ = {
			isa = PBXProject;
			attributes = {
				LastUpgradeCheck = 9999;
			};
			buildConfigurationList = OBJ_2 /* Build configuration list for PBXProject "SwiftFoundationCompression" */;
			compatibilityVersion = "Xcode 3.2";
			developmentRegion = English;
			hasScannedForEncodings = 0;
			knownRegions = (
				en,
			);
			mainGroup = OBJ_5 /*  */;
			productRefGroup = OBJ_42 /* Products */;
			projectDirPath = "";
			projectRoot = "";
			targets = (
				"SwiftFoundationCompression::SwiftPMPackageDescription" /* SwiftFoundationCompressionPackageDescription */,
				"SwiftPatterns::SwiftPMPackageDescription" /* SwiftPatternsPackageDescription */,
				"SwiftFoundationCompression::SwiftFoundationCompressionTests" /* SwiftFoundationCompressionTests */,
				"SwiftFoundationCompression::SwiftFoundationCompression" /* SwiftFoundationCompression */,
				"SwiftPatterns::SwiftPatterns" /* SwiftPatterns */,
				"SwiftFoundationCompression::SwiftFoundationCompressionPackageTests::ProductTarget" /* SwiftFoundationCompressionPackageTests */,
				"CZlib::CZlib::ProductTarget" /* CZlib */,
			);
		};
/* End PBXProject section */

/* Begin PBXSourcesBuildPhase section */
		OBJ_50 /* Sources */ = {
			isa = PBXSourcesBuildPhase;
			buildActionMask = 0;
			files = (
				OBJ_51 /* Package.swift in Sources */,
			);
			runOnlyForDeploymentPostprocessing = 0;
		};
		OBJ_56 /* Sources */ = {
			isa = PBXSourcesBuildPhase;
			buildActionMask = 0;
			files = (
				OBJ_57 /* Package.swift in Sources */,
			);
			runOnlyForDeploymentPostprocessing = 0;
		};
		OBJ_62 /* Sources */ = {
			isa = PBXSourcesBuildPhase;
			buildActionMask = 0;
			files = (
				OBJ_63 /* DeflateTests.swift in Sources */,
				OBJ_64 /* GZipHeaderTests.swift in Sources */,
				OBJ_65 /* GunzipTests.swift in Sources */,
				OBJ_66 /* WritingZipFiles.swift in Sources */,
				OBJ_67 /* XCTestManifests.swift in Sources */,
				OBJ_68 /* ZipDirectoryWrappingTests.swift in Sources */,
				OBJ_69 /* ZipFileFormatTests.swift in Sources */,
			);
			runOnlyForDeploymentPostprocessing = 0;
		};
		OBJ_80 /* Sources */ = {
			isa = PBXSourcesBuildPhase;
			buildActionMask = 0;
			files = (
				OBJ_81 /* Data+Compression.swift in Sources */,
				OBJ_82 /* FileManager+Compression.swift in Sources */,
				OBJ_83 /* GZipDataWrapping.swift in Sources */,
				OBJ_84 /* TarDirectoryWrapper.swift in Sources */,
				OBJ_85 /* Types.swift in Sources */,
				OBJ_86 /* WritingZipFiles.swift in Sources */,
				OBJ_87 /* ZipDirectoryWrapping.swift in Sources */,
				OBJ_88 /* ZipFileFormat.swift in Sources */,
			);
			runOnlyForDeploymentPostprocessing = 0;
		};
		OBJ_95 /* Sources */ = {
			isa = PBXSourcesBuildPhase;
			buildActionMask = 0;
			files = (
				OBJ_96 /* Alert.swift in Sources */,
				OBJ_97 /* ChangeSet.swift in Sources */,
				OBJ_98 /* DataExtraction.swift in Sources */,
				OBJ_99 /* DirectoryMonitor.swift in Sources */,
				OBJ_100 /* LogSearch.swift in Sources */,
				OBJ_101 /* Math.swift in Sources */,
				OBJ_102 /* MediatedAccess.swift in Sources */,
				OBJ_103 /* QueuedVar.swift in Sources */,
				OBJ_104 /* SerializedResourceWrapping.swift in Sources */,
				OBJ_105 /* URL+ExtendedAttributes.swift in Sources */,
				OBJ_106 /* XMLItem.swift in Sources */,
			);
			runOnlyForDeploymentPostprocessing = 0;
		};
/* End PBXSourcesBuildPhase section */

/* Begin PBXTargetDependency section */
		OBJ_112 /* PBXTargetDependency */ = {
			isa = PBXTargetDependency;
			target = "SwiftFoundationCompression::SwiftFoundationCompressionTests" /* SwiftFoundationCompressionTests */;
			targetProxy = B5CA09721F9F5FC400D60D80 /* PBXContainerItemProxy */;
		};
		OBJ_73 /* PBXTargetDependency */ = {
			isa = PBXTargetDependency;
			target = "SwiftFoundationCompression::SwiftFoundationCompression" /* SwiftFoundationCompression */;
			targetProxy = B5CA09701F9F5FC300D60D80 /* PBXContainerItemProxy */;
		};
		OBJ_75 /* PBXTargetDependency */ = {
			isa = PBXTargetDependency;
			target = "SwiftPatterns::SwiftPatterns" /* SwiftPatterns */;
			targetProxy = B5CA09711F9F5FC300D60D80 /* PBXContainerItemProxy */;
		};
		OBJ_91 /* PBXTargetDependency */ = {
			isa = PBXTargetDependency;
			target = "SwiftPatterns::SwiftPatterns" /* SwiftPatterns */;
			targetProxy = B5CA096F1F9F5FC300D60D80 /* PBXContainerItemProxy */;
		};
/* End PBXTargetDependency section */

/* Begin XCBuildConfiguration section */
		OBJ_110 /* Debug */ = {
			isa = XCBuildConfiguration;
			buildSettings = {
			};
			name = Debug;
		};
		OBJ_111 /* Release */ = {
			isa = XCBuildConfiguration;
			buildSettings = {
			};
			name = Release;
		};
		OBJ_115 /* Debug */ = {
			isa = XCBuildConfiguration;
			buildSettings = {
			};
			name = Debug;
		};
		OBJ_116 /* Release */ = {
			isa = XCBuildConfiguration;
			buildSettings = {
			};
			name = Release;
		};
		OBJ_3 /* Debug */ = {
			isa = XCBuildConfiguration;
			buildSettings = {
				CLANG_ENABLE_OBJC_ARC = YES;
				COMBINE_HIDPI_IMAGES = YES;
				COPY_PHASE_STRIP = NO;
				DEBUG_INFORMATION_FORMAT = dwarf;
				DYLIB_INSTALL_NAME_BASE = "@rpath";
				ENABLE_NS_ASSERTIONS = YES;
				GCC_OPTIMIZATION_LEVEL = 0;
				MACOSX_DEPLOYMENT_TARGET = 10.10;
				ONLY_ACTIVE_ARCH = YES;
				OTHER_SWIFT_FLAGS = "-DXcode";
				PRODUCT_NAME = "$(TARGET_NAME)";
				SDKROOT = macosx;
				SUPPORTED_PLATFORMS = "macosx iphoneos iphonesimulator appletvos appletvsimulator watchos watchsimulator";
				SWIFT_ACTIVE_COMPILATION_CONDITIONS = SWIFT_PACKAGE;
				SWIFT_OPTIMIZATION_LEVEL = "-Onone";
				USE_HEADERMAP = NO;
			};
			name = Debug;
		};
		OBJ_4 /* Release */ = {
			isa = XCBuildConfiguration;
			buildSettings = {
				CLANG_ENABLE_OBJC_ARC = YES;
				COMBINE_HIDPI_IMAGES = YES;
				COPY_PHASE_STRIP = YES;
				DEBUG_INFORMATION_FORMAT = "dwarf-with-dsym";
				DYLIB_INSTALL_NAME_BASE = "@rpath";
				GCC_OPTIMIZATION_LEVEL = s;
				MACOSX_DEPLOYMENT_TARGET = 10.10;
				OTHER_SWIFT_FLAGS = "-DXcode";
				PRODUCT_NAME = "$(TARGET_NAME)";
				SDKROOT = macosx;
				SUPPORTED_PLATFORMS = "macosx iphoneos iphonesimulator appletvos appletvsimulator watchos watchsimulator";
				SWIFT_ACTIVE_COMPILATION_CONDITIONS = SWIFT_PACKAGE;
				SWIFT_OPTIMIZATION_LEVEL = "-Owholemodule";
				USE_HEADERMAP = NO;
			};
			name = Release;
		};
		OBJ_48 /* Debug */ = {
			isa = XCBuildConfiguration;
			buildSettings = {
				LD = /usr/bin/true;
				OTHER_SWIFT_FLAGS = "-swift-version 4 -I /Applications/Xcode.app/Contents/Developer/Toolchains/XcodeDefault.xctoolchain/usr/lib/swift/pm/4 -target x86_64-apple-macosx10.10 -sdk /Applications/Xcode.app/Contents/Developer/Platforms/MacOSX.platform/Developer/SDKs/MacOSX10.13.sdk";
				SWIFT_VERSION = 4.0;
			};
			name = Debug;
		};
		OBJ_49 /* Release */ = {
			isa = XCBuildConfiguration;
			buildSettings = {
				LD = /usr/bin/true;
				OTHER_SWIFT_FLAGS = "-swift-version 4 -I /Applications/Xcode.app/Contents/Developer/Toolchains/XcodeDefault.xctoolchain/usr/lib/swift/pm/4 -target x86_64-apple-macosx10.10 -sdk /Applications/Xcode.app/Contents/Developer/Platforms/MacOSX.platform/Developer/SDKs/MacOSX10.13.sdk";
				SWIFT_VERSION = 4.0;
			};
			name = Release;
		};
		OBJ_54 /* Debug */ = {
			isa = XCBuildConfiguration;
			buildSettings = {
				LD = /usr/bin/true;
				OTHER_SWIFT_FLAGS = "-swift-version 4 -I /Applications/Xcode.app/Contents/Developer/Toolchains/XcodeDefault.xctoolchain/usr/lib/swift/pm/4 -target x86_64-apple-macosx10.10 -sdk /Applications/Xcode.app/Contents/Developer/Platforms/MacOSX.platform/Developer/SDKs/MacOSX10.13.sdk";
				SWIFT_VERSION = 4.0;
			};
			name = Debug;
		};
		OBJ_55 /* Release */ = {
			isa = XCBuildConfiguration;
			buildSettings = {
				LD = /usr/bin/true;
				OTHER_SWIFT_FLAGS = "-swift-version 4 -I /Applications/Xcode.app/Contents/Developer/Toolchains/XcodeDefault.xctoolchain/usr/lib/swift/pm/4 -target x86_64-apple-macosx10.10 -sdk /Applications/Xcode.app/Contents/Developer/Platforms/MacOSX.platform/Developer/SDKs/MacOSX10.13.sdk";
				SWIFT_VERSION = 4.0;
			};
			name = Release;
		};
		OBJ_60 /* Debug */ = {
			isa = XCBuildConfiguration;
			buildSettings = {
				EMBEDDED_CONTENT_CONTAINS_SWIFT = YES;
				FRAMEWORK_SEARCH_PATHS = (
					"$(inherited)",
					"$(PLATFORM_DIR)/Developer/Library/Frameworks",
				);
				HEADER_SEARCH_PATHS = (
					"$(inherited)",
					"$(SRCROOT)/.build/checkouts/CZlib.git-516057984387857014",
				);
				INFOPLIST_FILE = SwiftFoundationCompression.xcodeproj/SwiftFoundationCompressionTests_Info.plist;
				LD_RUNPATH_SEARCH_PATHS = "@loader_path/../Frameworks @loader_path/Frameworks";
				OTHER_LDFLAGS = "$(inherited)";
				OTHER_SWIFT_FLAGS = "$(inherited)";
				SWIFT_VERSION = 4.0;
				TARGET_NAME = SwiftFoundationCompressionTests;
			};
			name = Debug;
		};
		OBJ_61 /* Release */ = {
			isa = XCBuildConfiguration;
			buildSettings = {
				EMBEDDED_CONTENT_CONTAINS_SWIFT = YES;
				FRAMEWORK_SEARCH_PATHS = (
					"$(inherited)",
					"$(PLATFORM_DIR)/Developer/Library/Frameworks",
				);
				HEADER_SEARCH_PATHS = (
					"$(inherited)",
					"$(SRCROOT)/.build/checkouts/CZlib.git-516057984387857014",
				);
				INFOPLIST_FILE = SwiftFoundationCompression.xcodeproj/SwiftFoundationCompressionTests_Info.plist;
				LD_RUNPATH_SEARCH_PATHS = "@loader_path/../Frameworks @loader_path/Frameworks";
				OTHER_LDFLAGS = "$(inherited)";
				OTHER_SWIFT_FLAGS = "$(inherited)";
				SWIFT_VERSION = 4.0;
				TARGET_NAME = SwiftFoundationCompressionTests;
			};
			name = Release;
		};
		OBJ_78 /* Debug */ = {
			isa = XCBuildConfiguration;
			buildSettings = {
				ENABLE_TESTABILITY = YES;
				FRAMEWORK_SEARCH_PATHS = (
					"$(inherited)",
					"$(PLATFORM_DIR)/Developer/Library/Frameworks",
				);
				HEADER_SEARCH_PATHS = (
					"$(inherited)",
					"$(SRCROOT)/.build/checkouts/CZlib.git-516057984387857014",
				);
				INFOPLIST_FILE = SwiftFoundationCompression.xcodeproj/SwiftFoundationCompression_Info.plist;
				LD_RUNPATH_SEARCH_PATHS = "$(TOOLCHAIN_DIR)/usr/lib/swift/macosx";
				OTHER_LDFLAGS = "$(inherited)";
				OTHER_SWIFT_FLAGS = "$(inherited)";
				PRODUCT_BUNDLE_IDENTIFIER = SwiftFoundationCompression;
				PRODUCT_MODULE_NAME = "$(TARGET_NAME:c99extidentifier)";
				PRODUCT_NAME = "$(TARGET_NAME:c99extidentifier)";
				SKIP_INSTALL = YES;
				SWIFT_VERSION = 4.0;
				TARGET_NAME = SwiftFoundationCompression;
			};
			name = Debug;
		};
		OBJ_79 /* Release */ = {
			isa = XCBuildConfiguration;
			buildSettings = {
				ENABLE_TESTABILITY = YES;
				FRAMEWORK_SEARCH_PATHS = (
					"$(inherited)",
					"$(PLATFORM_DIR)/Developer/Library/Frameworks",
				);
				HEADER_SEARCH_PATHS = (
					"$(inherited)",
					"$(SRCROOT)/.build/checkouts/CZlib.git-516057984387857014",
				);
				INFOPLIST_FILE = SwiftFoundationCompression.xcodeproj/SwiftFoundationCompression_Info.plist;
				LD_RUNPATH_SEARCH_PATHS = "$(TOOLCHAIN_DIR)/usr/lib/swift/macosx";
				OTHER_LDFLAGS = "$(inherited)";
				OTHER_SWIFT_FLAGS = "$(inherited)";
				PRODUCT_BUNDLE_IDENTIFIER = SwiftFoundationCompression;
				PRODUCT_MODULE_NAME = "$(TARGET_NAME:c99extidentifier)";
				PRODUCT_NAME = "$(TARGET_NAME:c99extidentifier)";
				SKIP_INSTALL = YES;
				SWIFT_VERSION = 4.0;
				TARGET_NAME = SwiftFoundationCompression;
			};
			name = Release;
		};
		OBJ_93 /* Debug */ = {
			isa = XCBuildConfiguration;
			buildSettings = {
				ENABLE_TESTABILITY = YES;
				FRAMEWORK_SEARCH_PATHS = (
					"$(inherited)",
					"$(PLATFORM_DIR)/Developer/Library/Frameworks",
				);
				HEADER_SEARCH_PATHS = "$(inherited)";
				INFOPLIST_FILE = SwiftFoundationCompression.xcodeproj/SwiftPatterns_Info.plist;
				LD_RUNPATH_SEARCH_PATHS = "$(TOOLCHAIN_DIR)/usr/lib/swift/macosx";
				OTHER_LDFLAGS = "$(inherited)";
				OTHER_SWIFT_FLAGS = "$(inherited)";
				PRODUCT_BUNDLE_IDENTIFIER = SwiftPatterns;
				PRODUCT_MODULE_NAME = "$(TARGET_NAME:c99extidentifier)";
				PRODUCT_NAME = "$(TARGET_NAME:c99extidentifier)";
				SKIP_INSTALL = YES;
				SWIFT_VERSION = 4.0;
				TARGET_NAME = SwiftPatterns;
			};
			name = Debug;
		};
		OBJ_94 /* Release */ = {
			isa = XCBuildConfiguration;
			buildSettings = {
				ENABLE_TESTABILITY = YES;
				FRAMEWORK_SEARCH_PATHS = (
					"$(inherited)",
					"$(PLATFORM_DIR)/Developer/Library/Frameworks",
				);
				HEADER_SEARCH_PATHS = "$(inherited)";
				INFOPLIST_FILE = SwiftFoundationCompression.xcodeproj/SwiftPatterns_Info.plist;
				LD_RUNPATH_SEARCH_PATHS = "$(TOOLCHAIN_DIR)/usr/lib/swift/macosx";
				OTHER_LDFLAGS = "$(inherited)";
				OTHER_SWIFT_FLAGS = "$(inherited)";
				PRODUCT_BUNDLE_IDENTIFIER = SwiftPatterns;
				PRODUCT_MODULE_NAME = "$(TARGET_NAME:c99extidentifier)";
				PRODUCT_NAME = "$(TARGET_NAME:c99extidentifier)";
				SKIP_INSTALL = YES;
				SWIFT_VERSION = 4.0;
				TARGET_NAME = SwiftPatterns;
			};
			name = Release;
		};
/* End XCBuildConfiguration section */

/* Begin XCConfigurationList section */
		OBJ_109 /* Build configuration list for PBXAggregateTarget "SwiftFoundationCompressionPackageTests" */ = {
			isa = XCConfigurationList;
			buildConfigurations = (
				OBJ_110 /* Debug */,
				OBJ_111 /* Release */,
			);
			defaultConfigurationIsVisible = 0;
			defaultConfigurationName = Debug;
		};
		OBJ_114 /* Build configuration list for PBXAggregateTarget "CZlib" */ = {
			isa = XCConfigurationList;
			buildConfigurations = (
				OBJ_115 /* Debug */,
				OBJ_116 /* Release */,
			);
			defaultConfigurationIsVisible = 0;
			defaultConfigurationName = Debug;
		};
		OBJ_2 /* Build configuration list for PBXProject "SwiftFoundationCompression" */ = {
			isa = XCConfigurationList;
			buildConfigurations = (
				OBJ_3 /* Debug */,
				OBJ_4 /* Release */,
			);
			defaultConfigurationIsVisible = 0;
			defaultConfigurationName = Debug;
		};
		OBJ_47 /* Build configuration list for PBXNativeTarget "SwiftFoundationCompressionPackageDescription" */ = {
			isa = XCConfigurationList;
			buildConfigurations = (
				OBJ_48 /* Debug */,
				OBJ_49 /* Release */,
			);
			defaultConfigurationIsVisible = 0;
			defaultConfigurationName = Debug;
		};
		OBJ_53 /* Build configuration list for PBXNativeTarget "SwiftPatternsPackageDescription" */ = {
			isa = XCConfigurationList;
			buildConfigurations = (
				OBJ_54 /* Debug */,
				OBJ_55 /* Release */,
			);
			defaultConfigurationIsVisible = 0;
			defaultConfigurationName = Debug;
		};
		OBJ_59 /* Build configuration list for PBXNativeTarget "SwiftFoundationCompressionTests" */ = {
			isa = XCConfigurationList;
			buildConfigurations = (
				OBJ_60 /* Debug */,
				OBJ_61 /* Release */,
			);
			defaultConfigurationIsVisible = 0;
			defaultConfigurationName = Debug;
		};
		OBJ_77 /* Build configuration list for PBXNativeTarget "SwiftFoundationCompression" */ = {
			isa = XCConfigurationList;
			buildConfigurations = (
				OBJ_78 /* Debug */,
				OBJ_79 /* Release */,
			);
			defaultConfigurationIsVisible = 0;
			defaultConfigurationName = Debug;
		};
		OBJ_92 /* Build configuration list for PBXNativeTarget "SwiftPatterns" */ = {
			isa = XCConfigurationList;
			buildConfigurations = (
				OBJ_93 /* Debug */,
				OBJ_94 /* Release */,
			);
			defaultConfigurationIsVisible = 0;
			defaultConfigurationName = Debug;
		};
/* End XCConfigurationList section */
	};
	rootObject = OBJ_1 /* Project object */;
}
